// !$*UTF8*$!
{
	archiveVersion = 1;
	classes = {
	};
	objectVersion = 46;
	objects = {

/* Begin PBXBuildFile section */
		002F39FA09D0881F00EBEB88 /* SDL.framework in Frameworks */ = {isa = PBXBuildFile; fileRef = 002F39F909D0881F00EBEB88 /* SDL.framework */; };
		002F3A0009D0884600EBEB88 /* SDL.framework in Copy Frameworks into .app bundle */ = {isa = PBXBuildFile; fileRef = 002F39F909D0881F00EBEB88 /* SDL.framework */; };
		002F3C0109D093BD00EBEB88 /* OpenGL.framework in Frameworks */ = {isa = PBXBuildFile; fileRef = 002F3C0009D093BD00EBEB88 /* OpenGL.framework */; };
		3A397612148D0D5E00E43695 /* FreeImage.framework in Frameworks */ = {isa = PBXBuildFile; fileRef = 3A397611148D0D5E00E43695 /* FreeImage.framework */; };
		3A397614148D0D7C00E43695 /* FreeImage.framework in Copy Frameworks into .app bundle */ = {isa = PBXBuildFile; fileRef = 3A397611148D0D5E00E43695 /* FreeImage.framework */; };
		3A4BA37D148A8BAE00A81E10 /* Textures in Resources */ = {isa = PBXBuildFile; fileRef = 3A4BA37C148A8BAE00A81E10 /* Textures */; };
		3A4BA37F148AA70600A81E10 /* Credits.rtf in Resources */ = {isa = PBXBuildFile; fileRef = 3A4BA381148AA70600A81E10 /* Credits.rtf */; };
		3A5149CE148D6DE7001F06CF /* glmaze.icns in Resources */ = {isa = PBXBuildFile; fileRef = 3A5149CD148D6DE7001F06CF /* glmaze.icns */; };
		3A9CEB69148CFB6700109BE5 /* camera.c in Sources */ = {isa = PBXBuildFile; fileRef = 3A9CEB5E148CFB6700109BE5 /* camera.c */; };
		3A9CEB6A148CFB6700109BE5 /* config.c in Sources */ = {isa = PBXBuildFile; fileRef = 3A9CEB5F148CFB6700109BE5 /* config.c */; };
		3A9CEB6B148CFB6700109BE5 /* drawer.c in Sources */ = {isa = PBXBuildFile; fileRef = 3A9CEB60148CFB6700109BE5 /* drawer.c */; };
		3A9CEB6C148CFB6700109BE5 /* file.c in Sources */ = {isa = PBXBuildFile; fileRef = 3A9CEB61148CFB6700109BE5 /* file.c */; };
		3A9CEB6D148CFB6700109BE5 /* main.c in Sources */ = {isa = PBXBuildFile; fileRef = 3A9CEB62148CFB6700109BE5 /* main.c */; };
		3A9CEB6E148CFB6700109BE5 /* maze.c in Sources */ = {isa = PBXBuildFile; fileRef = 3A9CEB63148CFB6700109BE5 /* maze.c */; };
		3A9CEB6F148CFB6700109BE5 /* mesh.c in Sources */ = {isa = PBXBuildFile; fileRef = 3A9CEB64148CFB6700109BE5 /* mesh.c */; };
		3A9CEB70148CFB6700109BE5 /* noise.c in Sources */ = {isa = PBXBuildFile; fileRef = 3A9CEB65148CFB6700109BE5 /* noise.c */; };
		3A9CEB71148CFB6700109BE5 /* scene.c in Sources */ = {isa = PBXBuildFile; fileRef = 3A9CEB66148CFB6700109BE5 /* scene.c */; };
		3A9CEB72148CFB6700109BE5 /* walker.c in Sources */ = {isa = PBXBuildFile; fileRef = 3A9CEB67148CFB6700109BE5 /* walker.c */; };
		3A9CEB73148CFB6700109BE5 /* window.c in Sources */ = {isa = PBXBuildFile; fileRef = 3A9CEB68148CFB6700109BE5 /* window.c */; };
		3A9CEB75148CFCB800109BE5 /* config.txt in Resources */ = {isa = PBXBuildFile; fileRef = 3A9CEB74148CFCB800109BE5 /* config.txt */; };
		3AA913DD148B96C0007D39CE /* Shader in Resources */ = {isa = PBXBuildFile; fileRef = 3AA913DC148B96C0007D39CE /* Shader */; };
		3AA913DE148B974C007D39CE /* SDLMain.nib in Resources */ = {isa = PBXBuildFile; fileRef = 3AA913E0148B974C007D39CE /* SDLMain.nib */; };
		3AD33BE8148FA41F00B08C78 /* Sparkle.framework in Frameworks */ = {isa = PBXBuildFile; fileRef = 3AD33BE7148FA41F00B08C78 /* Sparkle.framework */; };
		3AD33BEA148FA42E00B08C78 /* Sparkle.framework in Copy Frameworks into .app bundle */ = {isa = PBXBuildFile; fileRef = 3AD33BE7148FA41F00B08C78 /* Sparkle.framework */; };
		3AD33BEC148FAB5700B08C78 /* dsa_pub.pem in Resources */ = {isa = PBXBuildFile; fileRef = 3AD33BEB148FAB5700B08C78 /* dsa_pub.pem */; };
		3AED00BB148A683800EFFAFA /* GLEW.framework in Frameworks */ = {isa = PBXBuildFile; fileRef = 3AED00BA148A683800EFFAFA /* GLEW.framework */; };
		3AED00BE148A693200EFFAFA /* MathLib.c in Sources */ = {isa = PBXBuildFile; fileRef = 3AED00BC148A693200EFFAFA /* MathLib.c */; };
		3AED00C4148A6B0600EFFAFA /* GLEW.framework in Copy Frameworks into .app bundle */ = {isa = PBXBuildFile; fileRef = 3AED00BA148A683800EFFAFA /* GLEW.framework */; };
		3AED00C5148A6B2100EFFAFA /* SDLMain.m in Sources */ = {isa = PBXBuildFile; fileRef = 002F3A2C09D0888800EBEB88 /* SDLMain.m */; };
		8D11072B0486CEB800E47090 /* InfoPlist.strings in Resources */ = {isa = PBXBuildFile; fileRef = 089C165CFE840E0CC02AAC07 /* InfoPlist.strings */; };
		8D11072F0486CEB800E47090 /* Cocoa.framework in Frameworks */ = {isa = PBXBuildFile; fileRef = 1058C7A1FEA54F0111CA2CBB /* Cocoa.framework */; };
/* End PBXBuildFile section */

/* Begin PBXCopyFilesBuildPhase section */
		002F39FD09D0883400EBEB88 /* Copy Frameworks into .app bundle */ = {
			isa = PBXCopyFilesBuildPhase;
			buildActionMask = 2147483647;
			dstPath = "";
			dstSubfolderSpec = 10;
			files = (
				002F3A0009D0884600EBEB88 /* SDL.framework in Copy Frameworks into .app bundle */,
				3AED00C4148A6B0600EFFAFA /* GLEW.framework in Copy Frameworks into .app bundle */,
				3AD33BEA148FA42E00B08C78 /* Sparkle.framework in Copy Frameworks into .app bundle */,
				3A397614148D0D7C00E43695 /* FreeImage.framework in Copy Frameworks into .app bundle */,
			);
			name = "Copy Frameworks into .app bundle";
			runOnlyForDeploymentPostprocessing = 0;
		};
/* End PBXCopyFilesBuildPhase section */

/* Begin PBXFileReference section */
		002F39F909D0881F00EBEB88 /* SDL.framework */ = {isa = PBXFileReference; lastKnownFileType = wrapper.framework; name = SDL.framework; path = /Library/Frameworks/SDL.framework; sourceTree = "<absolute>"; };
		002F3A2B09D0888800EBEB88 /* SDLMain.h */ = {isa = PBXFileReference; fileEncoding = 30; lastKnownFileType = sourcecode.c.h; path = SDLMain.h; sourceTree = SOURCE_ROOT; };
		002F3A2C09D0888800EBEB88 /* SDLMain.m */ = {isa = PBXFileReference; fileEncoding = 30; lastKnownFileType = sourcecode.c.objc; path = SDLMain.m; sourceTree = SOURCE_ROOT; };
		002F3C0009D093BD00EBEB88 /* OpenGL.framework */ = {isa = PBXFileReference; lastKnownFileType = wrapper.framework; name = OpenGL.framework; path = /System/Library/Frameworks/OpenGL.framework; sourceTree = "<absolute>"; };
		089C165DFE840E0CC02AAC07 /* English */ = {isa = PBXFileReference; fileEncoding = 10; lastKnownFileType = text.plist.strings; name = English; path = English.lproj/InfoPlist.strings; sourceTree = "<group>"; };
		1058C7A1FEA54F0111CA2CBB /* Cocoa.framework */ = {isa = PBXFileReference; lastKnownFileType = wrapper.framework; name = Cocoa.framework; path = /System/Library/Frameworks/Cocoa.framework; sourceTree = "<absolute>"; };
		29B97324FDCFA39411CA2CEA /* AppKit.framework */ = {isa = PBXFileReference; lastKnownFileType = wrapper.framework; name = AppKit.framework; path = /System/Library/Frameworks/AppKit.framework; sourceTree = "<absolute>"; };
		29B97325FDCFA39411CA2CEA /* Foundation.framework */ = {isa = PBXFileReference; lastKnownFileType = wrapper.framework; name = Foundation.framework; path = /System/Library/Frameworks/Foundation.framework; sourceTree = "<absolute>"; };
		32CA4F630368D1EE00C91783 /* SDLOpenGLIntro_Prefix.pch */ = {isa = PBXFileReference; fileEncoding = 4; lastKnownFileType = sourcecode.c.h; path = SDLOpenGLIntro_Prefix.pch; sourceTree = "<group>"; };
		3A397611148D0D5E00E43695 /* FreeImage.framework */ = {isa = PBXFileReference; lastKnownFileType = wrapper.framework; name = FreeImage.framework; path = /Library/Frameworks/FreeImage.framework; sourceTree = "<absolute>"; };
		3A4BA37C148A8BAE00A81E10 /* Textures */ = {isa = PBXFileReference; lastKnownFileType = folder; name = Textures; path = ../Textures; sourceTree = "<group>"; };
		3A4BA37E148A8C2400A81E10 /* de */ = {isa = PBXFileReference; fileEncoding = 4; lastKnownFileType = text.plist.strings; name = de; path = /Volumes/HDD/davidgreiner/Documents/GLMaze/XCode/de.lproj/InfoPlist.strings; sourceTree = "<absolute>"; };
		3A4BA380148AA70600A81E10 /* English */ = {isa = PBXFileReference; lastKnownFileType = text.rtf; name = English; path = English.lproj/Credits.rtf; sourceTree = "<group>"; };
		3A4BA382148AA71A00A81E10 /* de */ = {isa = PBXFileReference; lastKnownFileType = text.rtf; name = de; path = de.lproj/Credits.rtf; sourceTree = "<group>"; };
		3A5149CD148D6DE7001F06CF /* glmaze.icns */ = {isa = PBXFileReference; lastKnownFileType = image.icns; path = glmaze.icns; sourceTree = "<group>"; };
		3A9CEB53148CFB6700109BE5 /* camera.h */ = {isa = PBXFileReference; fileEncoding = 4; lastKnownFileType = sourcecode.c.h; name = camera.h; path = ../camera.h; sourceTree = "<group>"; };
		3A9CEB54148CFB6700109BE5 /* config.h */ = {isa = PBXFileReference; fileEncoding = 4; lastKnownFileType = sourcecode.c.h; name = config.h; path = ../config.h; sourceTree = "<group>"; };
		3A9CEB55148CFB6700109BE5 /* drawer.h */ = {isa = PBXFileReference; fileEncoding = 4; lastKnownFileType = sourcecode.c.h; name = drawer.h; path = ../drawer.h; sourceTree = "<group>"; };
		3A9CEB56148CFB6700109BE5 /* file.h */ = {isa = PBXFileReference; fileEncoding = 4; lastKnownFileType = sourcecode.c.h; name = file.h; path = ../file.h; sourceTree = "<group>"; };
		3A9CEB57148CFB6700109BE5 /* key.h */ = {isa = PBXFileReference; fileEncoding = 4; lastKnownFileType = sourcecode.c.h; name = key.h; path = ../key.h; sourceTree = "<group>"; };
		3A9CEB58148CFB6700109BE5 /* maze.h */ = {isa = PBXFileReference; fileEncoding = 4; lastKnownFileType = sourcecode.c.h; name = maze.h; path = ../maze.h; sourceTree = "<group>"; };
		3A9CEB59148CFB6700109BE5 /* mesh.h */ = {isa = PBXFileReference; fileEncoding = 4; lastKnownFileType = sourcecode.c.h; name = mesh.h; path = ../mesh.h; sourceTree = "<group>"; };
		3A9CEB5A148CFB6700109BE5 /* noise.h */ = {isa = PBXFileReference; fileEncoding = 4; lastKnownFileType = sourcecode.c.h; name = noise.h; path = ../noise.h; sourceTree = "<group>"; };
		3A9CEB5B148CFB6700109BE5 /* scene.h */ = {isa = PBXFileReference; fileEncoding = 4; lastKnownFileType = sourcecode.c.h; name = scene.h; path = ../scene.h; sourceTree = "<group>"; };
		3A9CEB5C148CFB6700109BE5 /* walker.h */ = {isa = PBXFileReference; fileEncoding = 4; lastKnownFileType = sourcecode.c.h; name = walker.h; path = ../walker.h; sourceTree = "<group>"; };
		3A9CEB5D148CFB6700109BE5 /* window.h */ = {isa = PBXFileReference; fileEncoding = 4; lastKnownFileType = sourcecode.c.h; name = window.h; path = ../window.h; sourceTree = "<group>"; };
		3A9CEB5E148CFB6700109BE5 /* camera.c */ = {isa = PBXFileReference; fileEncoding = 4; lastKnownFileType = sourcecode.c.c; name = camera.c; path = ../camera.c; sourceTree = "<group>"; };
		3A9CEB5F148CFB6700109BE5 /* config.c */ = {isa = PBXFileReference; fileEncoding = 4; lastKnownFileType = sourcecode.c.c; name = config.c; path = ../config.c; sourceTree = "<group>"; };
		3A9CEB60148CFB6700109BE5 /* drawer.c */ = {isa = PBXFileReference; fileEncoding = 4; lastKnownFileType = sourcecode.c.c; name = drawer.c; path = ../drawer.c; sourceTree = "<group>"; };
		3A9CEB61148CFB6700109BE5 /* file.c */ = {isa = PBXFileReference; fileEncoding = 4; lastKnownFileType = sourcecode.c.c; name = file.c; path = ../file.c; sourceTree = "<group>"; };
		3A9CEB62148CFB6700109BE5 /* main.c */ = {isa = PBXFileReference; fileEncoding = 4; lastKnownFileType = sourcecode.c.c; name = main.c; path = ../main.c; sourceTree = "<group>"; };
		3A9CEB63148CFB6700109BE5 /* maze.c */ = {isa = PBXFileReference; fileEncoding = 4; lastKnownFileType = sourcecode.c.c; name = maze.c; path = ../maze.c; sourceTree = "<group>"; };
		3A9CEB64148CFB6700109BE5 /* mesh.c */ = {isa = PBXFileReference; fileEncoding = 4; lastKnownFileType = sourcecode.c.c; name = mesh.c; path = ../mesh.c; sourceTree = "<group>"; };
		3A9CEB65148CFB6700109BE5 /* noise.c */ = {isa = PBXFileReference; fileEncoding = 4; lastKnownFileType = sourcecode.c.c; name = noise.c; path = ../noise.c; sourceTree = "<group>"; };
		3A9CEB66148CFB6700109BE5 /* scene.c */ = {isa = PBXFileReference; fileEncoding = 4; lastKnownFileType = sourcecode.c.c; name = scene.c; path = ../scene.c; sourceTree = "<group>"; };
		3A9CEB67148CFB6700109BE5 /* walker.c */ = {isa = PBXFileReference; fileEncoding = 4; lastKnownFileType = sourcecode.c.c; name = walker.c; path = ../walker.c; sourceTree = "<group>"; };
		3A9CEB68148CFB6700109BE5 /* window.c */ = {isa = PBXFileReference; fileEncoding = 4; lastKnownFileType = sourcecode.c.c; name = window.c; path = ../window.c; sourceTree = "<group>"; };
		3A9CEB74148CFCB800109BE5 /* config.txt */ = {isa = PBXFileReference; fileEncoding = 4; lastKnownFileType = text; name = config.txt; path = ../config.txt; sourceTree = "<group>"; };
		3AA3EC79148A5DC5000C8FE8 /* GLMaze.entitlements */ = {isa = PBXFileReference; lastKnownFileType = text.xml; path = GLMaze.entitlements; sourceTree = "<group>"; };
		3AA913DC148B96C0007D39CE /* Shader */ = {isa = PBXFileReference; lastKnownFileType = folder; name = Shader; path = ../Shader; sourceTree = "<group>"; };
		3AA913DF148B974C007D39CE /* English */ = {isa = PBXFileReference; lastKnownFileType = wrapper.nib; name = English; path = English.lproj/SDLMain.nib; sourceTree = "<group>"; };
		3AA913E1148B9755007D39CE /* de */ = {isa = PBXFileReference; lastKnownFileType = wrapper.nib; name = de; path = de.lproj/SDLMain.nib; sourceTree = "<group>"; };
		3AD33BE7148FA41F00B08C78 /* Sparkle.framework */ = {isa = PBXFileReference; lastKnownFileType = wrapper.framework; name = Sparkle.framework; path = ../../../../../../Library/Frameworks/Sparkle.framework; sourceTree = "<group>"; };
		3AD33BEB148FAB5700B08C78 /* dsa_pub.pem */ = {isa = PBXFileReference; fileEncoding = 4; lastKnownFileType = text; path = dsa_pub.pem; sourceTree = "<group>"; };
		3AED00BA148A683800EFFAFA /* GLEW.framework */ = {isa = PBXFileReference; lastKnownFileType = wrapper.framework; name = GLEW.framework; path = /Library/Frameworks/GLEW.framework; sourceTree = "<absolute>"; };
		3AED00BC148A693200EFFAFA /* MathLib.c */ = {isa = PBXFileReference; fileEncoding = 4; lastKnownFileType = sourcecode.c.c; name = MathLib.c; path = ../MathLib.c; sourceTree = "<group>"; };
		3AED00BD148A693200EFFAFA /* MathLib.h */ = {isa = PBXFileReference; fileEncoding = 4; lastKnownFileType = sourcecode.c.h; name = MathLib.h; path = ../MathLib.h; sourceTree = "<group>"; };
		8D1107310486CEB800E47090 /* Info.plist */ = {isa = PBXFileReference; fileEncoding = 4; lastKnownFileType = text.plist; path = Info.plist; sourceTree = "<group>"; };
		8D1107320486CEB800E47090 /* GLMaze.app */ = {isa = PBXFileReference; explicitFileType = wrapper.application; includeInIndex = 0; path = GLMaze.app; sourceTree = BUILT_PRODUCTS_DIR; };
/* End PBXFileReference section */

/* Begin PBXFrameworksBuildPhase section */
		8D11072E0486CEB800E47090 /* Frameworks */ = {
			isa = PBXFrameworksBuildPhase;
			buildActionMask = 2147483647;
			files = (
				002F39FA09D0881F00EBEB88 /* SDL.framework in Frameworks */,
				8D11072F0486CEB800E47090 /* Cocoa.framework in Frameworks */,
				002F3C0109D093BD00EBEB88 /* OpenGL.framework in Frameworks */,
				3AED00BB148A683800EFFAFA /* GLEW.framework in Frameworks */,
				3A397612148D0D5E00E43695 /* FreeImage.framework in Frameworks */,
				3AD33BE8148FA41F00B08C78 /* Sparkle.framework in Frameworks */,
			);
			runOnlyForDeploymentPostprocessing = 0;
		};
/* End PBXFrameworksBuildPhase section */

/* Begin PBXGroup section */
		080E96DDFE201D6D7F000001 /* Classes */ = {
			isa = PBXGroup;
			children = (
				002F3A2B09D0888800EBEB88 /* SDLMain.h */,
				002F3A2C09D0888800EBEB88 /* SDLMain.m */,
			);
			name = Classes;
			sourceTree = "<group>";
		};
		1058C7A0FEA54F0111CA2CBB /* Linked Frameworks */ = {
			isa = PBXGroup;
			children = (
				3AD33BE7148FA41F00B08C78 /* Sparkle.framework */,
				3A397611148D0D5E00E43695 /* FreeImage.framework */,
				3AED00BA148A683800EFFAFA /* GLEW.framework */,
				002F39F909D0881F00EBEB88 /* SDL.framework */,
				1058C7A1FEA54F0111CA2CBB /* Cocoa.framework */,
				002F3C0009D093BD00EBEB88 /* OpenGL.framework */,
			);
			name = "Linked Frameworks";
			sourceTree = "<group>";
		};
		1058C7A2FEA54F0111CA2CBB /* Other Frameworks */ = {
			isa = PBXGroup;
			children = (
				29B97324FDCFA39411CA2CEA /* AppKit.framework */,
				29B97325FDCFA39411CA2CEA /* Foundation.framework */,
			);
			name = "Other Frameworks";
			sourceTree = "<group>";
		};
		19C28FACFE9D520D11CA2CBB /* Products */ = {
			isa = PBXGroup;
			children = (
				8D1107320486CEB800E47090 /* GLMaze.app */,
			);
			name = Products;
			sourceTree = "<group>";
		};
		29B97314FDCFA39411CA2CEA /* SDLOpenGLIntro */ = {
			isa = PBXGroup;
			children = (
				3AA3EC79148A5DC5000C8FE8 /* GLMaze.entitlements */,
				080E96DDFE201D6D7F000001 /* Classes */,
				29B97315FDCFA39411CA2CEA /* Other Sources */,
				29B97317FDCFA39411CA2CEA /* Resources */,
				29B97323FDCFA39411CA2CEA /* Frameworks */,
				19C28FACFE9D520D11CA2CBB /* Products */,
			);
			name = SDLOpenGLIntro;
			sourceTree = "<group>";
		};
		29B97315FDCFA39411CA2CEA /* Other Sources */ = {
			isa = PBXGroup;
			children = (
				3A9CEB53148CFB6700109BE5 /* camera.h */,
				3A9CEB54148CFB6700109BE5 /* config.h */,
				3A9CEB55148CFB6700109BE5 /* drawer.h */,
				3A9CEB56148CFB6700109BE5 /* file.h */,
				3A9CEB57148CFB6700109BE5 /* key.h */,
				3A9CEB58148CFB6700109BE5 /* maze.h */,
				3A9CEB59148CFB6700109BE5 /* mesh.h */,
				3A9CEB5A148CFB6700109BE5 /* noise.h */,
				3A9CEB5B148CFB6700109BE5 /* scene.h */,
				3A9CEB5C148CFB6700109BE5 /* walker.h */,
				3A9CEB5D148CFB6700109BE5 /* window.h */,
				3A9CEB5E148CFB6700109BE5 /* camera.c */,
				3A9CEB5F148CFB6700109BE5 /* config.c */,
				3A9CEB60148CFB6700109BE5 /* drawer.c */,
				3A9CEB61148CFB6700109BE5 /* file.c */,
				3A9CEB62148CFB6700109BE5 /* main.c */,
				3A9CEB63148CFB6700109BE5 /* maze.c */,
				3A9CEB64148CFB6700109BE5 /* mesh.c */,
				3A9CEB65148CFB6700109BE5 /* noise.c */,
				3A9CEB66148CFB6700109BE5 /* scene.c */,
				3A9CEB67148CFB6700109BE5 /* walker.c */,
				3A9CEB68148CFB6700109BE5 /* window.c */,
				3AED00BC148A693200EFFAFA /* MathLib.c */,
				3AED00BD148A693200EFFAFA /* MathLib.h */,
				32CA4F630368D1EE00C91783 /* SDLOpenGLIntro_Prefix.pch */,
			);
			name = "Other Sources";
			sourceTree = "<group>";
		};
		29B97317FDCFA39411CA2CEA /* Resources */ = {
			isa = PBXGroup;
			children = (
				3AD33BEB148FAB5700B08C78 /* dsa_pub.pem */,
				3A5149CD148D6DE7001F06CF /* glmaze.icns */,
				3A9CEB74148CFCB800109BE5 /* config.txt */,
				3AA913E0148B974C007D39CE /* SDLMain.nib */,
				3AA913DC148B96C0007D39CE /* Shader */,
				3A4BA37C148A8BAE00A81E10 /* Textures */,
				8D1107310486CEB800E47090 /* Info.plist */,
				089C165CFE840E0CC02AAC07 /* InfoPlist.strings */,
				3A4BA381148AA70600A81E10 /* Credits.rtf */,
			);
			name = Resources;
			sourceTree = "<group>";
		};
		29B97323FDCFA39411CA2CEA /* Frameworks */ = {
			isa = PBXGroup;
			children = (
				1058C7A0FEA54F0111CA2CBB /* Linked Frameworks */,
				1058C7A2FEA54F0111CA2CBB /* Other Frameworks */,
			);
			name = Frameworks;
			sourceTree = "<group>";
		};
/* End PBXGroup section */

/* Begin PBXNativeTarget section */
		8D1107260486CEB800E47090 /* GLMaze */ = {
			isa = PBXNativeTarget;
			buildConfigurationList = C01FCF4A08A954540054247B /* Build configuration list for PBXNativeTarget "GLMaze" */;
			buildPhases = (
				8D1107290486CEB800E47090 /* Resources */,
				8D11072C0486CEB800E47090 /* Sources */,
				8D11072E0486CEB800E47090 /* Frameworks */,
				002F39FD09D0883400EBEB88 /* Copy Frameworks into .app bundle */,
			);
			buildRules = (
			);
			dependencies = (
			);
			name = GLMaze;
			productInstallPath = "$(HOME)/Applications";
			productName = SDLOpenGLIntro;
			productReference = 8D1107320486CEB800E47090 /* GLMaze.app */;
			productType = "com.apple.product-type.application";
		};
/* End PBXNativeTarget section */

/* Begin PBXProject section */
		29B97313FDCFA39411CA2CEA /* Project object */ = {
			isa = PBXProject;
			attributes = {
				LastUpgradeCheck = 0420;
			};
			buildConfigurationList = C01FCF4E08A954540054247B /* Build configuration list for PBXProject "GLMaze" */;
			compatibilityVersion = "Xcode 3.2";
			developmentRegion = English;
			hasScannedForEncodings = 1;
			knownRegions = (
				en,
				English,
				de,
			);
			mainGroup = 29B97314FDCFA39411CA2CEA /* SDLOpenGLIntro */;
			projectDirPath = "";
			projectRoot = "";
			targets = (
				8D1107260486CEB800E47090 /* GLMaze */,
			);
		};
/* End PBXProject section */

/* Begin PBXResourcesBuildPhase section */
		8D1107290486CEB800E47090 /* Resources */ = {
			isa = PBXResourcesBuildPhase;
			buildActionMask = 2147483647;
			files = (
				8D11072B0486CEB800E47090 /* InfoPlist.strings in Resources */,
				3AA913DE148B974C007D39CE /* SDLMain.nib in Resources */,
				3A4BA37F148AA70600A81E10 /* Credits.rtf in Resources */,
				3A4BA37D148A8BAE00A81E10 /* Textures in Resources */,
				3AA913DD148B96C0007D39CE /* Shader in Resources */,
				3A9CEB75148CFCB800109BE5 /* config.txt in Resources */,
				3A5149CE148D6DE7001F06CF /* glmaze.icns in Resources */,
				3AD33BEC148FAB5700B08C78 /* dsa_pub.pem in Resources */,
			);
			runOnlyForDeploymentPostprocessing = 0;
		};
/* End PBXResourcesBuildPhase section */

/* Begin PBXSourcesBuildPhase section */
		8D11072C0486CEB800E47090 /* Sources */ = {
			isa = PBXSourcesBuildPhase;
			buildActionMask = 2147483647;
			files = (
				3AED00C5148A6B2100EFFAFA /* SDLMain.m in Sources */,
				3AED00BE148A693200EFFAFA /* MathLib.c in Sources */,
				3A9CEB69148CFB6700109BE5 /* camera.c in Sources */,
				3A9CEB6A148CFB6700109BE5 /* config.c in Sources */,
				3A9CEB6B148CFB6700109BE5 /* drawer.c in Sources */,
				3A9CEB6C148CFB6700109BE5 /* file.c in Sources */,
				3A9CEB6D148CFB6700109BE5 /* main.c in Sources */,
				3A9CEB6E148CFB6700109BE5 /* maze.c in Sources */,
				3A9CEB6F148CFB6700109BE5 /* mesh.c in Sources */,
				3A9CEB70148CFB6700109BE5 /* noise.c in Sources */,
				3A9CEB71148CFB6700109BE5 /* scene.c in Sources */,
				3A9CEB72148CFB6700109BE5 /* walker.c in Sources */,
				3A9CEB73148CFB6700109BE5 /* window.c in Sources */,
			);
			runOnlyForDeploymentPostprocessing = 0;
		};
/* End PBXSourcesBuildPhase section */

/* Begin PBXVariantGroup section */
		089C165CFE840E0CC02AAC07 /* InfoPlist.strings */ = {
			isa = PBXVariantGroup;
			children = (
				089C165DFE840E0CC02AAC07 /* English */,
				3A4BA37E148A8C2400A81E10 /* de */,
			);
			name = InfoPlist.strings;
			sourceTree = "<group>";
		};
		3A4BA381148AA70600A81E10 /* Credits.rtf */ = {
			isa = PBXVariantGroup;
			children = (
				3A4BA380148AA70600A81E10 /* English */,
				3A4BA382148AA71A00A81E10 /* de */,
			);
			name = Credits.rtf;
			sourceTree = "<group>";
		};
		3AA913E0148B974C007D39CE /* SDLMain.nib */ = {
			isa = PBXVariantGroup;
			children = (
				3AA913DF148B974C007D39CE /* English */,
				3AA913E1148B9755007D39CE /* de */,
			);
			name = SDLMain.nib;
			sourceTree = "<group>";
		};
/* End PBXVariantGroup section */

/* Begin XCBuildConfiguration section */
		C01FCF4B08A954540054247B /* Debug */ = {
			isa = XCBuildConfiguration;
			buildSettings = {
				ARCHS = "$(ARCHS_STANDARD_32_64_BIT)";
				CODE_SIGN_ENTITLEMENTS = GLMaze.entitlements;
				CODE_SIGN_IDENTITY = "";
				COPY_PHASE_STRIP = NO;
				GCC_DYNAMIC_NO_PIC = NO;
				GCC_MODEL_TUNING = G5;
				GCC_OPTIMIZATION_LEVEL = 0;
				GCC_VERSION = com.apple.compilers.llvm.clang.1_0;
				HEADER_SEARCH_PATHS = (
					"$(HOME)/Library/Frameworks/SDL.framework/Headers",
					/Library/Frameworks/SDL.framework/Headers,
					"$(HEADER_SEARCH_PATHS)",
				);
				INFOPLIST_FILE = Info.plist;
				INSTALL_PATH = ./;
				LIBRARY_SEARCH_PATHS = "$(inherited)";
				MACOSX_DEPLOYMENT_TARGET = 10.6;
				ONLY_ACTIVE_ARCH = NO;
				OTHER_CFLAGS = "";
				PRODUCT_NAME = GLMaze;
				SDKROOT = macosx10.6;
				USER_HEADER_SEARCH_PATHS = "";
				WRAPPER_EXTENSION = app;
				ZERO_LINK = "";
			};
			name = Debug;
		};
		C01FCF4C08A954540054247B /* Release */ = {
			isa = XCBuildConfiguration;
			buildSettings = {
				ARCHS = "$(ARCHS_STANDARD_32_64_BIT)";
				CODE_SIGN_ENTITLEMENTS = GLMaze.entitlements;
				CODE_SIGN_IDENTITY = "";
				GCC_GENERATE_DEBUGGING_SYMBOLS = NO;
				GCC_MODEL_TUNING = G5;
				GCC_VERSION = com.apple.compilers.llvm.clang.1_0;
				HEADER_SEARCH_PATHS = (
					"$(HOME)/Library/Frameworks/SDL.framework/Headers",
					/Library/Frameworks/SDL.framework/Headers,
					"$(HEADER_SEARCH_PATHS)",
				);
				INFOPLIST_FILE = Info.plist;
				INSTALL_PATH = ./;
				LIBRARY_SEARCH_PATHS = "$(inherited)";
				MACOSX_DEPLOYMENT_TARGET = 10.6;
				OTHER_CFLAGS = "";
				PRODUCT_NAME = GLMaze;
				SDKROOT = macosx10.6;
				USER_HEADER_SEARCH_PATHS = "";
				WRAPPER_EXTENSION = app;
				ZERO_LINK = "";
			};
			name = Release;
		};
		C01FCF4F08A954540054247B /* Debug */ = {
			isa = XCBuildConfiguration;
			buildSettings = {
				ARCHS = "$(ARCHS_STANDARD_32_BIT)";
				FRAMEWORK_SEARCH_PATHS = (
					"$(HOME)/Library/Frameworks",
					/Library/Frameworks,
					"$(FRAMEWORK_SEARCH_PATHS)",
				);
				GCC_WARN_ABOUT_RETURN_TYPE = YES;
				GCC_WARN_UNUSED_VARIABLE = YES;
				HEADER_SEARCH_PATHS = (
					"$(HOME)/Library/Frameworks/SDL.framework/Headers",
					/Library/Frameworks/SDL.framework/Headers,
					"$(HEADER_SEARCH_PATHS)",
				);
				MACOSX_DEPLOYMENT_TARGET = 10.6;
				ONLY_ACTIVE_ARCH = YES;
				SDKROOT = macosx10.6;
			};
			name = Debug;
		};
		C01FCF5008A954540054247B /* Release */ = {
			isa = XCBuildConfiguration;
			buildSettings = {
				ARCHS = "$(ARCHS_STANDARD_32_64_BIT)";
				FRAMEWORK_SEARCH_PATHS = (
					"$(HOME)/Library/Frameworks",
					/Library/Frameworks,
					"$(FRAMEWORK_SEARCH_PATHS)",
				);
				GCC_VERSION_ppc = 3.3;
				GCC_WARN_ABOUT_RETURN_TYPE = YES;
				GCC_WARN_UNUSED_VARIABLE = YES;
				HEADER_SEARCH_PATHS = (
					"$(HOME)/Library/Frameworks/SDL.framework/Headers",
					/Library/Frameworks/SDL.framework/Headers,
					"$(HEADER_SEARCH_PATHS)",
				);
				MACOSX_DEPLOYMENT_TARGET = 10.6;
				MACOSX_DEPLOYMENT_TARGET_ppc = 10.2;
				SDKROOT = macosx10.6;
			};
			name = Release;
		};
/* End XCBuildConfiguration section */

/* Begin XCConfigurationList section */
		C01FCF4A08A954540054247B /* Build configuration list for PBXNativeTarget "GLMaze" */ = {
			isa = XCConfigurationList;
			buildConfigurations = (
				C01FCF4B08A954540054247B /* Debug */,
				C01FCF4C08A954540054247B /* Release */,
			);
			defaultConfigurationIsVisible = 0;
			defaultConfigurationName = Release;
		};
		C01FCF4E08A954540054247B /* Build configuration list for PBXProject "GLMaze" */ = {
			isa = XCConfigurationList;
			buildConfigurations = (
				C01FCF4F08A954540054247B /* Debug */,
				C01FCF5008A954540054247B /* Release */,
			);
			defaultConfigurationIsVisible = 0;
			defaultConfigurationName = Release;
		};
/* End XCConfigurationList section */
	};
	rootObject = 29B97313FDCFA39411CA2CEA /* Project object */;
}
